{
  "name": "im8-order-count",
  "version": "1.0.0",
  "lockfileVersion": 3,
  "requires": true,
  "packages": {
    "": {
      "name": "im8-order-count",
      "version": "1.0.0",
      "license": "MIT",
      "dependencies": {
        "@shopify/admin-api-client": "^1.1.1"
      },
      "engines": {
        "node": ">=18"
      }
    },
    "node_modules/@shopify/admin-api-client": {
      "version": "1.1.1",
      "resolved": "https://registry.npmjs.org/@shopify/admin-api-client/-/admin-api-client-1.1.1.tgz",
      "integrity": "sha512-J/cdodM7jmk9yKxHnkrnVHP2Gm70w2dFA4O3ehPvIBsXvK0PwXmiRjQOCCPfyLo442awON5soQ/XuWVSUmZL/g==",
      "license": "MIT",
      "dependencies": {
        "@shopify/graphql-client": "^1.4.1"
      }
    },
    "node_modules/@shopify/graphql-client": {
      "version": "1.4.1",
      "resolved": "https://registry.npmjs.org/@shopify/graphql-client/-/graphql-client-1.4.1.tgz",
      "integrity": "sha512-/w4Uchx8ueI8gwmJd1ZbbIGndsjfMEFlzmay3P7rya5zj7K308xne/ggIvWDweueIut2qf1A8lI58xQl9Pu22w==",
      "license": "MIT"
    }
  }
}
